{
    "_readme": [
        "This file locks the dependencies of your project to a known state",
        "Read more about it at https://getcomposer.org/doc/01-basic-usage.md#installing-dependencies",
        "This file is @generated automatically"
    ],
    "content-hash": "3d0099e45b1637bcb5f6b7069727530e",
    "packages": [
        {
            "name": "algo26-matthias/idna-convert",
            "version": "v3.2.1",
            "source": {
                "type": "git",
                "url": "https://github.com/algo26-matthias/idna-convert.git",
                "reference": "82fe7b60e1a1620c72e68803cc5dcff0b5f59bdc"
            },
            "dist": {
                "type": "zip",
                "url": "https://api.github.com/repos/algo26-matthias/idna-convert/zipball/82fe7b60e1a1620c72e68803cc5dcff0b5f59bdc",
                "reference": "82fe7b60e1a1620c72e68803cc5dcff0b5f59bdc",
                "shasum": ""
            },
            "require": {
                "ext-pcre": "*",
                "jakeasmith/http_build_url": "^1",
                "php": ">=7.2.0"
            },
            "require-dev": {
                "phpunit/phpunit": "8.0"
            },
            "suggest": {
                "ext-iconv": "Install ext/iconv for using input / output other than UTF-8 or ISO-8859-1",
                "ext-mbstring": "Install ext/mbstring for using input / output other than UTF-8 or ISO-8859-1"
            },
            "type": "library",
            "autoload": {
                "psr-4": {
                    "Algo26\\IdnaConvert\\": "src/"
                }
            },
            "notification-url": "https://packagist.org/downloads/",
            "license": [
                "LGPL-2.1+"
            ],
            "authors": [
                {
                    "name": "Matthias Sommerfeld",
                    "email": "matthias.sommerfeld@algo26.de",
                    "role": "Developer"
                }
            ],
            "description": "A library for encoding and decoding internationalized domain names",
            "homepage": "http://idnaconv.net/",
            "keywords": [
                "idn",
                "idna",
                "php"
            ],
            "support": {
                "issues": "https://github.com/algo26-matthias/idna-convert/issues",
                "source": "https://github.com/algo26-matthias/idna-convert/tree/v3.2.1"
            },
            "time": "2025-10-10T11:40:12+00:00"
        },
        {
            "name": "jakeasmith/http_build_url",
            "version": "1.0.1",
            "source": {
                "type": "git",
                "url": "https://github.com/jakeasmith/http_build_url.git",
                "reference": "93c273e77cb1edead0cf8bcf8cd2003428e74e37"
            },
            "dist": {
                "type": "zip",
                "url": "https://api.github.com/repos/jakeasmith/http_build_url/zipball/93c273e77cb1edead0cf8bcf8cd2003428e74e37",
                "reference": "93c273e77cb1edead0cf8bcf8cd2003428e74e37",
                "shasum": ""
            },
            "type": "library",
            "autoload": {
                "files": [
                    "src/http_build_url.php"
                ]
            },
            "notification-url": "https://packagist.org/downloads/",
            "license": [
                "MIT"
            ],
            "authors": [
                {
                    "name": "Jake A. Smith",
                    "email": "theman@jakeasmith.com"
                }
            ],
            "description": "Provides functionality for http_build_url() to environments without pecl_http.",
            "support": {
                "issues": "https://github.com/jakeasmith/http_build_url/issues",
                "source": "https://github.com/jakeasmith/http_build_url"
            },
            "time": "2017-05-01T15:36:40+00:00"
        },
        {
            "name": "psr/container",
            "version": "1.1.2",
            "source": {
                "type": "git",
                "url": "https://github.com/php-fig/container.git",
                "reference": "513e0666f7216c7459170d56df27dfcefe1689ea"
            },
            "dist": {
                "type": "zip",
                "url": "https://api.github.com/repos/php-fig/container/zipball/513e0666f7216c7459170d56df27dfcefe1689ea",
                "reference": "513e0666f7216c7459170d56df27dfcefe1689ea",
                "shasum": ""
            },
            "require": {
                "php": ">=7.4.0"
            },
            "type": "library",
            "autoload": {
                "psr-4": {
                    "Psr\\Container\\": "src/"
                }
            },
            "notification-url": "https://packagist.org/downloads/",
            "license": [
                "MIT"
            ],
            "authors": [
                {
                    "name": "PHP-FIG",
                    "homepage": "https://www.php-fig.org/"
                }
            ],
            "description": "Common Container Interface (PHP FIG PSR-11)",
            "homepage": "https://github.com/php-fig/container",
            "keywords": [
                "PSR-11",
                "container",
                "container-interface",
                "container-interop",
                "psr"
            ],
            "support": {
                "issues": "https://github.com/php-fig/container/issues",
                "source": "https://github.com/php-fig/container/tree/1.1.2"
            },
            "time": "2021-11-05T16:50:12+00:00"
        },
        {
            "name": "spip-league/composer-installer",
            "version": "0.8.2",
            "source": {
                "type": "git",
                "url": "https://git.spip.net/spip-league/composer-installer.git",
                "reference": "29a0de367af0e6d88f4f9ce571c9bc1187edc047"
            },
            "dist": {
                "type": "zip",
                "url": "https://git.spip.net/api/v4/projects/spip-league%2Fcomposer-installer/repository/archive.zip?sha=29a0de367af0e6d88f4f9ce571c9bc1187edc047",
                "reference": "29a0de367af0e6d88f4f9ce571c9bc1187edc047",
                "shasum": ""
            },
            "require": {
                "composer-plugin-api": "^2.6"
            },
            "require-dev": {
                "composer/composer": "^2.8",
                "phpunit/phpunit": "^11.4",
                "rector/rector": "^2.0",
                "spip-league/easy-coding-standard": "^1.1"
            },
            "type": "composer-plugin",
            "extra": {
                "branch-alias": {
                    "dev-main": "0.8.x-dev"
                },
                "class": "SpipLeague\\Composer\\SpipInstallerPlugin"
            },
            "autoload": {
                "psr-4": {
                    "SpipLeague\\Composer\\": "src/"
                }
            },
            "autoload-dev": {
                "psr-4": {
                    "SpipLeague\\Test\\Composer\\": "tests/"
                }
            },
            "scripts": {
                "analyse": [
                    "vendor/bin/phpstan"
                ],
                "check-cs": [
                    "vendor/bin/ecs check --ansi"
                ],
                "fix-cs": [
                    "vendor/bin/ecs check --fix --ansi"
                ],
                "rector": [
                    "vendor/bin/rector process --ansi"
                ],
                "rector-dry-run": [
                    "vendor/bin/rector process --dry-run --ansi"
                ],
                "test": [
                    "phpunit --colors --no-coverage"
                ],
                "test-coverage": [
                    "@php -d xdebug.mode=coverage vendor/bin/phpunit --colors"
                ]
            },
            "license": [
                "MIT"
            ],
            "authors": [
                {
                    "name": "JamesRezo",
                    "email": "james@rezo.net"
                }
            ],
            "description": "SPIP Composer Installer Plugin",
            "support": {
                "source": "https://git.spip.net/spip-league/composer-installer/-/tree/0.8.2",
                "issues": "https://git.spip.net/spip-league/composer-installer/-/issues"
            },
            "time": "2025-01-17T11:27:52+01:00"
        },
        {
            "name": "spip-league/kernel",
            "version": "1.0.1",
            "source": {
                "type": "git",
                "url": "https://git.spip.net/spip-league/kernel.git",
                "reference": "375feee2d7c4c0d4ac86d3c1635bf46ccae7f909"
            },
            "dist": {
                "type": "zip",
                "url": "https://git.spip.net/api/v4/projects/spip-league%2Fkernel/repository/archive.zip?sha=375feee2d7c4c0d4ac86d3c1635bf46ccae7f909",
                "reference": "375feee2d7c4c0d4ac86d3c1635bf46ccae7f909",
                "shasum": ""
            },
            "require": {
                "php": "^7.4 || ^8.0",
                "symfony/dependency-injection": "^5.4",
                "symfony/filesystem": "^5.4"
            },
            "require-dev": {
                "phpunit/phpunit": "^9.6",
                "symfony/var-dumper": "^5.4"
            },
            "type": "library",
            "autoload": {
                "psr-4": {
                    "SpipLeague\\Component\\Kernel\\": "src/"
                },
                "files": [
                    "boot.php"
                ]
            },
            "autoload-dev": {
                "psr-4": {
                    "SpipLeague\\Test\\Component\\Kernel\\": "tests/"
                }
            },
            "license": [
                "MIT"
            ],
            "authors": [
                {
                    "name": "JamesRezo",
                    "email": "james@rezo.net"
                }
            ],
            "description": "Noyau d'une application SPIP",
            "keywords": [
                "bootstrap",
                "kernel"
            ],
            "support": {
                "source": "https://git.spip.net/spip-league/kernel/-/tree/1.0.1",
                "issues": "https://git.spip.net/spip-league/kernel/-/issues"
            },
            "time": "2025-03-19T11:54:48+01:00"
        },
        {
            "name": "spip/dist",
            "version": "4.2.9",
            "source": {
                "type": "git",
                "url": "https://git.spip.net/spip/dist.git",
                "reference": "17ccff3feef0f5f5bfeef4d0553317d388781ac4"
            },
            "dist": {
                "type": "zip",
                "url": "https://git.spip.net/api/v4/projects/spip%2Fdist/repository/archive.zip?sha=17ccff3feef0f5f5bfeef4d0553317d388781ac4",
                "reference": "17ccff3feef0f5f5bfeef4d0553317d388781ac4",
                "shasum": ""
            },
            "type": "spip-plugin",
            "license": [
                "GPL-3.0-or-later"
            ],
            "authors": [
                {
                    "name": "Collectif SPIP",
                    "homepage": "https://discuter.spip.net/c/spip-dev/5",
                    "role": "Maintainer"
                }
            ],
            "description": "Squelettes par défaut de SPIP 4.0",
            "support": {
                "source": "https://git.spip.net/spip/dist/-/tree/4.2.9",
                "issues": "https://git.spip.net/spip/dist/-/issues"
            },
            "time": "2026-02-12T09:32:22+01:00"
        },
        {
            "name": "spip/ecrire",
            "version": "4.4.13",
            "source": {
                "type": "git",
                "url": "https://git.spip.net/spip/ecrire.git",
                "reference": "430909d749490d9704e74a9185b0cd9849593f8f"
            },
            "dist": {
                "type": "zip",
                "url": "https://git.spip.net/api/v4/projects/spip%2Fecrire/repository/archive.zip?sha=430909d749490d9704e74a9185b0cd9849593f8f",
                "reference": "430909d749490d9704e74a9185b0cd9849593f8f",
                "shasum": ""
            },
            "require": {
                "algo26-matthias/idna-convert": "^3.1",
                "ext-json": "*",
                "ext-sodium": "*",
                "ext-xml": "*",
                "ext-zip": "*",
                "php": "^7.4 || ^8.0",
                "symfony/deprecation-contracts": "^2.5",
                "symfony/polyfill-mbstring": "^1.31",
                "symfony/polyfill-php80": "^1.31",
                "symfony/polyfill-php81": "^1.31",
                "symfony/polyfill-php82": "^1.31",
                "symfony/polyfill-php83": "^1.31",
                "symfony/polyfill-php84": "^1.31"
            },
            "require-dev": {
                "spip-league/kernel": "^1.x-dev",
                "symplify/easy-coding-standard": "^12.3"
            },
            "type": "spip-ecrire",
            "autoload": {
                "psr-4": {
                    "Spip\\": "src/"
                },
                "files": [
                    "bootstrap/deprecations.php"
                ]
            },
            "license": [
                "GPL-3.0-only"
            ],
            "description": "Noyau de SPIP",
            "support": {
                "source": "https://git.spip.net/spip/ecrire/-/tree/4.4.13",
                "issues": "https://git.spip.net/spip/ecrire/-/issues"
            },
            "time": "2026-03-06T11:13:42+01:00"
        },
        {
            "name": "spip/prive",
            "version": "1.0.10",
            "source": {
                "type": "git",
                "url": "https://git.spip.net/spip/prive.git",
                "reference": "d438e7f47f306d06f6dfd169c6c38b58b5d2226a"
            },
            "dist": {
                "type": "zip",
                "url": "https://git.spip.net/api/v4/projects/spip%2Fprive/repository/archive.zip?sha=d438e7f47f306d06f6dfd169c6c38b58b5d2226a",
                "reference": "d438e7f47f306d06f6dfd169c6c38b58b5d2226a",
                "shasum": ""
            },
            "require-dev": {
                "spip-league/kernel": "^1.x-dev"
            },
            "type": "spip-prive",
            "license": [
                "GPL-3.0-only"
            ],
            "description": "Squelettes de l'espace privé",
            "support": {
                "source": "https://git.spip.net/spip/prive/-/tree/1.0.10",
                "issues": "https://git.spip.net/spip/prive/-/issues"
            },
            "time": "2026-03-06T10:27:32+01:00"
        },
        {
            "name": "spip/security",
            "version": "1.6.7",
            "source": {
                "type": "git",
                "url": "https://git.spip.net/spip-contrib-outils/securite.git",
                "reference": "12bb638dcb305586552e59a1e2564160cc7d902e"
            },
            "dist": {
                "type": "zip",
                "url": "https://git.spip.net/api/v4/projects/spip-contrib-outils%2Fsecurite/repository/archive.zip?sha=12bb638dcb305586552e59a1e2564160cc7d902e",
                "reference": "12bb638dcb305586552e59a1e2564160cc7d902e",
                "shasum": ""
            },
            "require": {
                "php": "^5.4 || ^7 || ^8"
            },
            "require-dev": {
                "dealerdirect/phpcodesniffer-composer-installer": "^1.0",
                "spip/coding-standards": "^1.2"
            },
            "type": "library",
            "extra": {
                "branch-alias": {
                    "dev-master": "1.6.x-dev"
                }
            },
            "license": [
                "GPL-3.0-only"
            ],
            "authors": [
                {
                    "name": "Collectif SPIP"
                }
            ],
            "description": "Protection du site par blocage de certaines attaques",
            "support": {
                "source": "https://git.spip.net/spip-contrib-outils/securite/-/tree/1.6.7",
                "issues": "https://git.spip.net/spip-contrib-outils/securite/-/issues"
            },
            "time": "2025-09-08T10:02:27+02:00"
        },
        {
            "name": "symfony/dependency-injection",
            "version": "v5.4.48",
            "source": {
                "type": "git",
                "url": "https://github.com/symfony/dependency-injection.git",
                "reference": "e5ca16dee39ef7d63e552ff0bf0a2526a1142c92"
            },
            "dist": {
                "type": "zip",
                "url": "https://api.github.com/repos/symfony/dependency-injection/zipball/e5ca16dee39ef7d63e552ff0bf0a2526a1142c92",
                "reference": "e5ca16dee39ef7d63e552ff0bf0a2526a1142c92",
                "shasum": ""
            },
            "require": {
                "php": ">=7.2.5",
                "psr/container": "^1.1.1",
                "symfony/deprecation-contracts": "^2.1|^3",
                "symfony/polyfill-php80": "^1.16",
                "symfony/polyfill-php81": "^1.22",
                "symfony/service-contracts": "^1.1.6|^2"
            },
            "conflict": {
                "ext-psr": "<1.1|>=2",
                "symfony/config": "<5.3",
                "symfony/finder": "<4.4",
                "symfony/proxy-manager-bridge": "<4.4",
                "symfony/yaml": "<4.4.26"
            },
            "provide": {
                "psr/container-implementation": "1.0",
                "symfony/service-implementation": "1.0|2.0"
            },
            "require-dev": {
                "symfony/config": "^5.3|^6.0",
                "symfony/expression-language": "^4.4|^5.0|^6.0",
                "symfony/yaml": "^4.4.26|^5.0|^6.0"
            },
            "suggest": {
                "symfony/config": "",
                "symfony/expression-language": "For using expressions in service container configuration",
                "symfony/finder": "For using double-star glob patterns or when GLOB_BRACE portability is required",
                "symfony/proxy-manager-bridge": "Generate service proxies to lazy load them",
                "symfony/yaml": ""
            },
            "type": "library",
            "autoload": {
                "psr-4": {
                    "Symfony\\Component\\DependencyInjection\\": ""
                },
                "exclude-from-classmap": [
                    "/Tests/"
                ]
            },
            "notification-url": "https://packagist.org/downloads/",
            "license": [
                "MIT"
            ],
            "authors": [
                {
                    "name": "Fabien Potencier",
                    "email": "fabien@symfony.com"
                },
                {
                    "name": "Symfony Community",
                    "homepage": "https://symfony.com/contributors"
                }
            ],
            "description": "Allows you to standardize and centralize the way objects are constructed in your application",
            "homepage": "https://symfony.com",
            "support": {
                "source": "https://github.com/symfony/dependency-injection/tree/v5.4.48"
            },
            "funding": [
                {
                    "url": "https://symfony.com/sponsor",
                    "type": "custom"
                },
                {
                    "url": "https://github.com/fabpot",
                    "type": "github"
                },
                {
                    "url": "https://tidelift.com/funding/github/packagist/symfony/symfony",
                    "type": "tidelift"
                }
            ],
            "time": "2024-11-20T10:51:57+00:00"
        },
        {
            "name": "symfony/deprecation-contracts",
            "version": "v2.5.4",
            "source": {
                "type": "git",
                "url": "https://github.com/symfony/deprecation-contracts.git",
                "reference": "605389f2a7e5625f273b53960dc46aeaf9c62918"
            },
            "dist": {
                "type": "zip",
                "url": "https://api.github.com/repos/symfony/deprecation-contracts/zipball/605389f2a7e5625f273b53960dc46aeaf9c62918",
                "reference": "605389f2a7e5625f273b53960dc46aeaf9c62918",
                "shasum": ""
            },
            "require": {
                "php": ">=7.1"
            },
            "type": "library",
            "extra": {
                "thanks": {
                    "url": "https://github.com/symfony/contracts",
                    "name": "symfony/contracts"
                },
                "branch-alias": {
                    "dev-main": "2.5-dev"
                }
            },
            "autoload": {
                "files": [
                    "function.php"
                ]
            },
            "notification-url": "https://packagist.org/downloads/",
            "license": [
                "MIT"
            ],
            "authors": [
                {
                    "name": "Nicolas Grekas",
                    "email": "p@tchwork.com"
                },
                {
                    "name": "Symfony Community",
                    "homepage": "https://symfony.com/contributors"
                }
            ],
            "description": "A generic function and convention to trigger deprecation notices",
            "homepage": "https://symfony.com",
            "support": {
                "source": "https://github.com/symfony/deprecation-contracts/tree/v2.5.4"
            },
            "funding": [
                {
                    "url": "https://symfony.com/sponsor",
                    "type": "custom"
                },
                {
                    "url": "https://github.com/fabpot",
                    "type": "github"
                },
                {
                    "url": "https://tidelift.com/funding/github/packagist/symfony/symfony",
                    "type": "tidelift"
                }
            ],
            "time": "2024-09-25T14:11:13+00:00"
        },
        {
            "name": "symfony/filesystem",
            "version": "v5.4.45",
            "source": {
                "type": "git",
                "url": "https://github.com/symfony/filesystem.git",
                "reference": "57c8294ed37d4a055b77057827c67f9558c95c54"
            },
            "dist": {
                "type": "zip",
                "url": "https://api.github.com/repos/symfony/filesystem/zipball/57c8294ed37d4a055b77057827c67f9558c95c54",
                "reference": "57c8294ed37d4a055b77057827c67f9558c95c54",
                "shasum": ""
            },
            "require": {
                "php": ">=7.2.5",
                "symfony/polyfill-ctype": "~1.8",
                "symfony/polyfill-mbstring": "~1.8",
                "symfony/polyfill-php80": "^1.16"
            },
            "require-dev": {
                "symfony/process": "^5.4|^6.4"
            },
            "type": "library",
            "autoload": {
                "psr-4": {
                    "Symfony\\Component\\Filesystem\\": ""
                },
                "exclude-from-classmap": [
                    "/Tests/"
                ]
            },
            "notification-url": "https://packagist.org/downloads/",
            "license": [
                "MIT"
            ],
            "authors": [
                {
                    "name": "Fabien Potencier",
                    "email": "fabien@symfony.com"
                },
                {
                    "name": "Symfony Community",
                    "homepage": "https://symfony.com/contributors"
                }
            ],
            "description": "Provides basic utilities for the filesystem",
            "homepage": "https://symfony.com",
            "support": {
                "source": "https://github.com/symfony/filesystem/tree/v5.4.45"
            },
            "funding": [
                {
                    "url": "https://symfony.com/sponsor",
                    "type": "custom"
                },
                {
                    "url": "https://github.com/fabpot",
                    "type": "github"
                },
                {
                    "url": "https://tidelift.com/funding/github/packagist/symfony/symfony",
                    "type": "tidelift"
                }
            ],
            "time": "2024-10-22T13:05:35+00:00"
        },
        {
            "name": "symfony/polyfill-ctype",
            "version": "v1.33.0",
            "source": {
                "type": "git",
                "url": "https://github.com/symfony/polyfill-ctype.git",
                "reference": "a3cc8b044a6ea513310cbd48ef7333b384945638"
            },
            "dist": {
                "type": "zip",
                "url": "https://api.github.com/repos/symfony/polyfill-ctype/zipball/a3cc8b044a6ea513310cbd48ef7333b384945638",
                "reference": "a3cc8b044a6ea513310cbd48ef7333b384945638",
                "shasum": ""
            },
            "require": {
                "php": ">=7.2"
            },
            "provide": {
                "ext-ctype": "*"
            },
            "suggest": {
                "ext-ctype": "For best performance"
            },
            "type": "library",
            "extra": {
                "thanks": {
                    "url": "https://github.com/symfony/polyfill",
                    "name": "symfony/polyfill"
                }
            },
            "autoload": {
                "files": [
                    "bootstrap.php"
                ],
                "psr-4": {
                    "Symfony\\Polyfill\\Ctype\\": ""
                }
            },
            "notification-url": "https://packagist.org/downloads/",
            "license": [
                "MIT"
            ],
            "authors": [
                {
                    "name": "Gert de Pagter",
                    "email": "BackEndTea@gmail.com"
                },
                {
                    "name": "Symfony Community",
                    "homepage": "https://symfony.com/contributors"
                }
            ],
            "description": "Symfony polyfill for ctype functions",
            "homepage": "https://symfony.com",
            "keywords": [
                "compatibility",
                "ctype",
                "polyfill",
                "portable"
            ],
            "support": {
                "source": "https://github.com/symfony/polyfill-ctype/tree/v1.33.0"
            },
            "funding": [
                {
                    "url": "https://symfony.com/sponsor",
                    "type": "custom"
                },
                {
                    "url": "https://github.com/fabpot",
                    "type": "github"
                },
                {
                    "url": "https://github.com/nicolas-grekas",
                    "type": "github"
                },
                {
                    "url": "https://tidelift.com/funding/github/packagist/symfony/symfony",
                    "type": "tidelift"
                }
            ],
            "time": "2024-09-09T11:45:10+00:00"
        },
        {
            "name": "symfony/polyfill-mbstring",
            "version": "v1.33.0",
            "source": {
                "type": "git",
                "url": "https://github.com/symfony/polyfill-mbstring.git",
                "reference": "6d857f4d76bd4b343eac26d6b539585d2bc56493"
            },
            "dist": {
                "type": "zip",
                "url": "https://api.github.com/repos/symfony/polyfill-mbstring/zipball/6d857f4d76bd4b343eac26d6b539585d2bc56493",
                "reference": "6d857f4d76bd4b343eac26d6b539585d2bc56493",
                "shasum": ""
            },
            "require": {
                "ext-iconv": "*",
                "php": ">=7.2"
            },
            "provide": {
                "ext-mbstring": "*"
            },
            "suggest": {
                "ext-mbstring": "For best performance"
            },
            "type": "library",
            "extra": {
                "thanks": {
                    "url": "https://github.com/symfony/polyfill",
                    "name": "symfony/polyfill"
                }
            },
            "autoload": {
                "files": [
                    "bootstrap.php"
                ],
                "psr-4": {
                    "Symfony\\Polyfill\\Mbstring\\": ""
                }
            },
            "notification-url": "https://packagist.org/downloads/",
            "license": [
                "MIT"
            ],
            "authors": [
                {
                    "name": "Nicolas Grekas",
                    "email": "p@tchwork.com"
                },
                {
                    "name": "Symfony Community",
                    "homepage": "https://symfony.com/contributors"
                }
            ],
            "description": "Symfony polyfill for the Mbstring extension",
            "homepage": "https://symfony.com",
            "keywords": [
                "compatibility",
                "mbstring",
                "polyfill",
                "portable",
                "shim"
            ],
            "support": {
                "source": "https://github.com/symfony/polyfill-mbstring/tree/v1.33.0"
            },
            "funding": [
                {
                    "url": "https://symfony.com/sponsor",
                    "type": "custom"
                },
                {
                    "url": "https://github.com/fabpot",
                    "type": "github"
                },
                {
                    "url": "https://github.com/nicolas-grekas",
                    "type": "github"
                },
                {
                    "url": "https://tidelift.com/funding/github/packagist/symfony/symfony",
                    "type": "tidelift"
                }
            ],
            "time": "2024-12-23T08:48:59+00:00"
        },
        {
            "name": "symfony/polyfill-php80",
            "version": "v1.33.0",
            "source": {
                "type": "git",
                "url": "https://github.com/symfony/polyfill-php80.git",
                "reference": "0cc9dd0f17f61d8131e7df6b84bd344899fe2608"
            },
            "dist": {
                "type": "zip",
                "url": "https://api.github.com/repos/symfony/polyfill-php80/zipball/0cc9dd0f17f61d8131e7df6b84bd344899fe2608",
                "reference": "0cc9dd0f17f61d8131e7df6b84bd344899fe2608",
                "shasum": ""
            },
            "require": {
                "php": ">=7.2"
            },
            "type": "library",
            "extra": {
                "thanks": {
                    "url": "https://github.com/symfony/polyfill",
                    "name": "symfony/polyfill"
                }
            },
            "autoload": {
                "files": [
                    "bootstrap.php"
                ],
                "psr-4": {
                    "Symfony\\Polyfill\\Php80\\": ""
                },
                "classmap": [
                    "Resources/stubs"
                ]
            },
            "notification-url": "https://packagist.org/downloads/",
            "license": [
                "MIT"
            ],
            "authors": [
                {
                    "name": "Ion Bazan",
                    "email": "ion.bazan@gmail.com"
                },
                {
                    "name": "Nicolas Grekas",
                    "email": "p@tchwork.com"
                },
                {
                    "name": "Symfony Community",
                    "homepage": "https://symfony.com/contributors"
                }
            ],
            "description": "Symfony polyfill backporting some PHP 8.0+ features to lower PHP versions",
            "homepage": "https://symfony.com",
            "keywords": [
                "compatibility",
                "polyfill",
                "portable",
                "shim"
            ],
            "support": {
                "source": "https://github.com/symfony/polyfill-php80/tree/v1.33.0"
            },
            "funding": [
                {
                    "url": "https://symfony.com/sponsor",
                    "type": "custom"
                },
                {
                    "url": "https://github.com/fabpot",
                    "type": "github"
                },
                {
                    "url": "https://github.com/nicolas-grekas",
                    "type": "github"
                },
                {
                    "url": "https://tidelift.com/funding/github/packagist/symfony/symfony",
                    "type": "tidelift"
                }
            ],
            "time": "2025-01-02T08:10:11+00:00"
        },
        {
            "name": "symfony/polyfill-php81",
            "version": "v1.33.0",
            "source": {
                "type": "git",
                "url": "https://github.com/symfony/polyfill-php81.git",
                "reference": "4a4cfc2d253c21a5ad0e53071df248ed48c6ce5c"
            },
            "dist": {
                "type": "zip",
                "url": "https://api.github.com/repos/symfony/polyfill-php81/zipball/4a4cfc2d253c21a5ad0e53071df248ed48c6ce5c",
                "reference": "4a4cfc2d253c21a5ad0e53071df248ed48c6ce5c",
                "shasum": ""
            },
            "require": {
                "php": ">=7.2"
            },
            "type": "library",
            "extra": {
                "thanks": {
                    "url": "https://github.com/symfony/polyfill",
                    "name": "symfony/polyfill"
                }
            },
            "autoload": {
                "files": [
                    "bootstrap.php"
                ],
                "psr-4": {
                    "Symfony\\Polyfill\\Php81\\": ""
                },
                "classmap": [
                    "Resources/stubs"
                ]
            },
            "notification-url": "https://packagist.org/downloads/",
            "license": [
                "MIT"
            ],
            "authors": [
                {
                    "name": "Nicolas Grekas",
                    "email": "p@tchwork.com"
                },
                {
                    "name": "Symfony Community",
                    "homepage": "https://symfony.com/contributors"
                }
            ],
            "description": "Symfony polyfill backporting some PHP 8.1+ features to lower PHP versions",
            "homepage": "https://symfony.com",
            "keywords": [
                "compatibility",
                "polyfill",
                "portable",
                "shim"
            ],
            "support": {
                "source": "https://github.com/symfony/polyfill-php81/tree/v1.33.0"
            },
            "funding": [
                {
                    "url": "https://symfony.com/sponsor",
                    "type": "custom"
                },
                {
                    "url": "https://github.com/fabpot",
                    "type": "github"
                },
                {
                    "url": "https://github.com/nicolas-grekas",
                    "type": "github"
                },
                {
                    "url": "https://tidelift.com/funding/github/packagist/symfony/symfony",
                    "type": "tidelift"
                }
            ],
            "time": "2024-09-09T11:45:10+00:00"
        },
        {
            "name": "symfony/polyfill-php82",
            "version": "v1.33.0",
            "source": {
                "type": "git",
                "url": "https://github.com/symfony/polyfill-php82.git",
                "reference": "5d2ed36f7734637dacc025f179698031951b1692"
            },
            "dist": {
                "type": "zip",
                "url": "https://api.github.com/repos/symfony/polyfill-php82/zipball/5d2ed36f7734637dacc025f179698031951b1692",
                "reference": "5d2ed36f7734637dacc025f179698031951b1692",
                "shasum": ""
            },
            "require": {
                "php": ">=7.2"
            },
            "type": "library",
            "extra": {
                "thanks": {
                    "url": "https://github.com/symfony/polyfill",
                    "name": "symfony/polyfill"
                }
            },
            "autoload": {
                "files": [
                    "bootstrap.php"
                ],
                "psr-4": {
                    "Symfony\\Polyfill\\Php82\\": ""
                },
                "classmap": [
                    "Resources/stubs"
                ]
            },
            "notification-url": "https://packagist.org/downloads/",
            "license": [
                "MIT"
            ],
            "authors": [
                {
                    "name": "Nicolas Grekas",
                    "email": "p@tchwork.com"
                },
                {
                    "name": "Symfony Community",
                    "homepage": "https://symfony.com/contributors"
                }
            ],
            "description": "Symfony polyfill backporting some PHP 8.2+ features to lower PHP versions",
            "homepage": "https://symfony.com",
            "keywords": [
                "compatibility",
                "polyfill",
                "portable",
                "shim"
            ],
            "support": {
                "source": "https://github.com/symfony/polyfill-php82/tree/v1.33.0"
            },
            "funding": [
                {
                    "url": "https://symfony.com/sponsor",
                    "type": "custom"
                },
                {
                    "url": "https://github.com/fabpot",
                    "type": "github"
                },
                {
                    "url": "https://github.com/nicolas-grekas",
                    "type": "github"
                },
                {
                    "url": "https://tidelift.com/funding/github/packagist/symfony/symfony",
                    "type": "tidelift"
                }
            ],
            "time": "2024-09-09T11:45:10+00:00"
        },
        {
            "name": "symfony/polyfill-php83",
            "version": "v1.33.0",
            "source": {
                "type": "git",
                "url": "https://github.com/symfony/polyfill-php83.git",
                "reference": "17f6f9a6b1735c0f163024d959f700cfbc5155e5"
            },
            "dist": {
                "type": "zip",
                "url": "https://api.github.com/repos/symfony/polyfill-php83/zipball/17f6f9a6b1735c0f163024d959f700cfbc5155e5",
                "reference": "17f6f9a6b1735c0f163024d959f700cfbc5155e5",
                "shasum": ""
            },
            "require": {
                "php": ">=7.2"
            },
            "type": "library",
            "extra": {
                "thanks": {
                    "url": "https://github.com/symfony/polyfill",
                    "name": "symfony/polyfill"
                }
            },
            "autoload": {
                "files": [
                    "bootstrap.php"
                ],
                "psr-4": {
                    "Symfony\\Polyfill\\Php83\\": ""
                },
                "classmap": [
                    "Resources/stubs"
                ]
            },
            "notification-url": "https://packagist.org/downloads/",
            "license": [
                "MIT"
            ],
            "authors": [
                {
                    "name": "Nicolas Grekas",
                    "email": "p@tchwork.com"
                },
                {
                    "name": "Symfony Community",
                    "homepage": "https://symfony.com/contributors"
                }
            ],
            "description": "Symfony polyfill backporting some PHP 8.3+ features to lower PHP versions",
            "homepage": "https://symfony.com",
            "keywords": [
                "compatibility",
                "polyfill",
                "portable",
                "shim"
            ],
            "support": {
                "source": "https://github.com/symfony/polyfill-php83/tree/v1.33.0"
            },
            "funding": [
                {
                    "url": "https://symfony.com/sponsor",
                    "type": "custom"
                },
                {
                    "url": "https://github.com/fabpot",
                    "type": "github"
                },
                {
                    "url": "https://github.com/nicolas-grekas",
                    "type": "github"
                },
                {
                    "url": "https://tidelift.com/funding/github/packagist/symfony/symfony",
                    "type": "tidelift"
                }
            ],
            "time": "2025-07-08T02:45:35+00:00"
        },
        {
            "name": "symfony/polyfill-php84",
            "version": "v1.33.0",
            "source": {
                "type": "git",
                "url": "https://github.com/symfony/polyfill-php84.git",
                "reference": "d8ced4d875142b6a7426000426b8abc631d6b191"
            },
            "dist": {
                "type": "zip",
                "url": "https://api.github.com/repos/symfony/polyfill-php84/zipball/d8ced4d875142b6a7426000426b8abc631d6b191",
                "reference": "d8ced4d875142b6a7426000426b8abc631d6b191",
                "shasum": ""
            },
            "require": {
                "php": ">=7.2"
            },
            "type": "library",
            "extra": {
                "thanks": {
                    "url": "https://github.com/symfony/polyfill",
                    "name": "symfony/polyfill"
                }
            },
            "autoload": {
                "files": [
                    "bootstrap.php"
                ],
                "psr-4": {
                    "Symfony\\Polyfill\\Php84\\": ""
                },
                "classmap": [
                    "Resources/stubs"
                ]
            },
            "notification-url": "https://packagist.org/downloads/",
            "license": [
                "MIT"
            ],
            "authors": [
                {
                    "name": "Nicolas Grekas",
                    "email": "p@tchwork.com"
                },
                {
                    "name": "Symfony Community",
                    "homepage": "https://symfony.com/contributors"
                }
            ],
            "description": "Symfony polyfill backporting some PHP 8.4+ features to lower PHP versions",
            "homepage": "https://symfony.com",
            "keywords": [
                "compatibility",
                "polyfill",
                "portable",
                "shim"
            ],
            "support": {
                "source": "https://github.com/symfony/polyfill-php84/tree/v1.33.0"
            },
            "funding": [
                {
                    "url": "https://symfony.com/sponsor",
                    "type": "custom"
                },
                {
                    "url": "https://github.com/fabpot",
                    "type": "github"
                },
                {
                    "url": "https://github.com/nicolas-grekas",
                    "type": "github"
                },
                {
                    "url": "https://tidelift.com/funding/github/packagist/symfony/symfony",
                    "type": "tidelift"
                }
            ],
            "time": "2025-06-24T13:30:11+00:00"
        },
        {
            "name": "symfony/service-contracts",
            "version": "v2.5.4",
            "source": {
                "type": "git",
                "url": "https://github.com/symfony/service-contracts.git",
                "reference": "f37b419f7aea2e9abf10abd261832cace12e3300"
            },
            "dist": {
                "type": "zip",
                "url": "https://api.github.com/repos/symfony/service-contracts/zipball/f37b419f7aea2e9abf10abd261832cace12e3300",
                "reference": "f37b419f7aea2e9abf10abd261832cace12e3300",
                "shasum": ""
            },
            "require": {
                "php": ">=7.2.5",
                "psr/container": "^1.1",
                "symfony/deprecation-contracts": "^2.1|^3"
            },
            "conflict": {
                "ext-psr": "<1.1|>=2"
            },
            "suggest": {
                "symfony/service-implementation": ""
            },
            "type": "library",
            "extra": {
                "thanks": {
                    "url": "https://github.com/symfony/contracts",
                    "name": "symfony/contracts"
                },
                "branch-alias": {
                    "dev-main": "2.5-dev"
                }
            },
            "autoload": {
                "psr-4": {
                    "Symfony\\Contracts\\Service\\": ""
                }
            },
            "notification-url": "https://packagist.org/downloads/",
            "license": [
                "MIT"
            ],
            "authors": [
                {
                    "name": "Nicolas Grekas",
                    "email": "p@tchwork.com"
                },
                {
                    "name": "Symfony Community",
                    "homepage": "https://symfony.com/contributors"
                }
            ],
            "description": "Generic abstractions related to writing services",
            "homepage": "https://symfony.com",
            "keywords": [
                "abstractions",
                "contracts",
                "decoupling",
                "interfaces",
                "interoperability",
                "standards"
            ],
            "support": {
                "source": "https://github.com/symfony/service-contracts/tree/v2.5.4"
            },
            "funding": [
                {
                    "url": "https://symfony.com/sponsor",
                    "type": "custom"
                },
                {
                    "url": "https://github.com/fabpot",
                    "type": "github"
                },
                {
                    "url": "https://tidelift.com/funding/github/packagist/symfony/symfony",
                    "type": "tidelift"
                }
            ],
            "time": "2024-09-25T14:11:13+00:00"
        }
    ],
    "packages-dev": [],
    "aliases": [],
    "minimum-stability": "beta",
    "stability-flags": {},
    "prefer-stable": false,
    "prefer-lowest": false,
    "platform": {
        "php": "^7.4 || ^8.0"
    },
    "platform-dev": {},
    "platform-overrides": {
        "php": "7.4.33"
    },
    "plugin-api-version": "2.9.0"
}
